
Microsoft Visual Studio Solution File, Format Version 12.00
# Visual Studio Version 16
VisualStudioVersion = 16.0.31019.35
MinimumVisualStudioVersion = 10.0.40219.1
Project("{FAE04EC0-301F-11D3-BF4B-00C04F79EFBC}") = "image_editor", "image_editor\image_editor.csproj", "{51C0B6F4-AAA5-41EA-92E8-9979BFF9F498}"
EndProject
Global
	GlobalSection(SolutionConfigurationPlatforms) = preSolution
		Debug|Any CPU = Debug|Any CPU
		Release|Any CPU = Release|Any CPU
	EndGlobalSection
	GlobalSection(ProjectConfigurationPlatforms) = postSolution
		{51C0B6F4-AAA5-41EA-92E8-9979BFF9F498}.Debug|Any CPU.ActiveCfg = Debug|Any CPU
		{51C0B6F4-AAA5-41EA-92E8-9979BFF9F498}.Debug|Any CPU.Build.0 = Debug|Any CPU
		{51C0B6F4-AAA5-41EA-92E8-9979BFF9F498}.Release|Any CPU.ActiveCfg = Release|Any CPU
		{51C0B6F4-AAA5-41EA-92E8-9979BFF9F498}.Release|Any CPU.Build.0 = Release|Any CPU
	EndGlobalSection
	GlobalSection(SolutionProperties) = preSolution
		HideSolutionNode = FALSE
	EndGlobalSection
	GlobalSection(ExtensibilityGlobals) = postSolution
		SolutionGuid = {045D8E10-C890-4111-8346-D6B74C0FB384}
	EndGlobalSection
EndGlobal
